
Microsoft Visual Studio Solution File, Format Version 12.00
# Visual Studio Version 16
VisualStudioVersion = 16.0.31729.503
MinimumVisualStudioVersion = 10.0.40219.1
Project("{FAE04EC0-301F-11D3-BF4B-00C04F79EFBC}") = "diyetDanisanTakipSisFormluOlan", "diyetDanisanTakipSisFormluOlan\diyetDanisanTakipSisFormluOlan.csproj", "{06E0C053-4D31-42BD-9505-65D788C8ABAC}"
EndProject
Global
	GlobalSection(SolutionConfigurationPlatforms) = preSolution
		Debug|Any CPU = Debug|Any CPU
		Release|Any CPU = Release|Any CPU
	EndGlobalSection
	GlobalSection(ProjectConfigurationPlatforms) = postSolution
		{06E0C053-4D31-42BD-9505-65D788C8ABAC}.Debug|Any CPU.ActiveCfg = Debug|Any CPU
		{06E0C053-4D31-42BD-9505-65D788C8ABAC}.Debug|Any CPU.Build.0 = Debug|Any CPU
		{06E0C053-4D31-42BD-9505-65D788C8ABAC}.Release|Any CPU.ActiveCfg = Release|Any CPU
		{06E0C053-4D31-42BD-9505-65D788C8ABAC}.Release|Any CPU.Build.0 = Release|Any CPU
	EndGlobalSection
	GlobalSection(SolutionProperties) = preSolution
		HideSolutionNode = FALSE
	EndGlobalSection
	GlobalSection(ExtensibilityGlobals) = postSolution
		SolutionGuid = {ED3E55FE-BFA5-44E2-96CF-3716A904105A}
	EndGlobalSection
EndGlobal
